
Microsoft Visual Studio Solution File, Format Version 12.00
# Visual Studio Version 17
VisualStudioVersion = 17.6.33829.357
MinimumVisualStudioVersion = 10.0.40219.1
Project("{FAE04EC0-301F-11D3-BF4B-00C04F79EFBC}") = "Password_manager", "Password_manager\Password_manager.csproj", "{75E0F9B8-845C-457F-B7ED-7CA214DE0B55}"
EndProject
Global
	GlobalSection(SolutionConfigurationPlatforms) = preSolution
		Debug|Any CPU = Debug|Any CPU
		Release|Any CPU = Release|Any CPU
	EndGlobalSection
	GlobalSection(ProjectConfigurationPlatforms) = postSolution
		{75E0F9B8-845C-457F-B7ED-7CA214DE0B55}.Debug|Any CPU.ActiveCfg = Debug|Any CPU
		{75E0F9B8-845C-457F-B7ED-7CA214DE0B55}.Debug|Any CPU.Build.0 = Debug|Any CPU
		{75E0F9B8-845C-457F-B7ED-7CA214DE0B55}.Release|Any CPU.ActiveCfg = Release|Any CPU
		{75E0F9B8-845C-457F-B7ED-7CA214DE0B55}.Release|Any CPU.Build.0 = Release|Any CPU
	EndGlobalSection
	GlobalSection(SolutionProperties) = preSolution
		HideSolutionNode = FALSE
	EndGlobalSection
	GlobalSection(ExtensibilityGlobals) = postSolution
		SolutionGuid = {BAF83C25-01D8-4B00-B693-AC6F95377499}
	EndGlobalSection
EndGlobal
